# This file is autogenerated, do not edit; changes may be undone by the next 'dep ensure'.


[[projects]]
  name = "github.com/BurntSushi/toml"
  packages = ["."]
  revision = "b26d9c308763d68093482582cea63d69be07a0f0"
  version = "v0.3.0"

[[projects]]
  name = "github.com/michaelklishin/rabbit-hole"
  packages = ["."]
  revision = "751d8f6874248f7243698c6f8377983879d744e9"
  version = "v1.4.0"

[[projects]]
  branch = "master"
  name = "github.com/pdedkov/goconfig"
  packages = ["."]
  revision = "6090faf7ae1a4cb9d3d243e5bee6fb0b4574d8a3"

[solve-meta]
  analyzer-name = "dep"
  analyzer-version = 1
  inputs-digest = "5e544476582d590b34e9796d43c8d6824bda76495c27f70b4cccba7ce34a79b4"
  solver-name = "gps-cdcl"
  solver-version = 1
