# This file is autogenerated, do not edit; changes may be undone by the next 'dep ensure'.


[[projects]]
  name = "github.com/BurntSushi/toml"
  packages = ["."]
  revision = "b26d9c308763d68093482582cea63d69be07a0f0"
  version = "v0.3.0"

[[projects]]
  name = "github.com/michaelklishin/rabbit-hole"
  packages = ["."]
  revision = "751d8f6874248f7243698c6f8377983879d744e9"
  version = "v1.4.0"

[[projects]]
  branch = "master"
  name = "github.com/pdedkov/goconfig"
  packages = ["."]
  revision = "6090faf7ae1a4cb9d3d243e5bee6fb0b4574d8a3"

[[projects]]
  branch = "master"
  name = "github.com/pdedkov/rachek"
  packages = ["."]
  revision = "7016a224a5130c044b7594b3862abd789d13b988"

[solve-meta]
  analyzer-name = "dep"
  analyzer-version = 1
  inputs-digest = "a351988ee24c75517c6165ce503c78cb66f4f84eb8ecfc39e609fdef7e0489c8"
  solver-name = "gps-cdcl"
  solver-version = 1
